
Microsoft Visual Studio Solution File, Format Version 12.00
# Visual Studio Version 17
VisualStudioVersion = 17.9.34728.123
MinimumVisualStudioVersion = 10.0.40219.1
Project("{9A19103F-16F7-4668-BE54-9A1E7A4F7556}") = "API", "API\API.csproj", "{763B0BFB-83EA-4CCF-ACD5-C61CD752EC7C}"
EndProject
Project("{FAE04EC0-301F-11D3-BF4B-00C04F79EFBC}") = "DOT", "DOT\DOT.csproj", "{16F662FA-00C6-44C5-9847-E96CD9548C31}"
EndProject
Global
	GlobalSection(SolutionConfigurationPlatforms) = preSolution
		Debug|Any CPU = Debug|Any CPU
		Release|Any CPU = Release|Any CPU
	EndGlobalSection
	GlobalSection(ProjectConfigurationPlatforms) = postSolution
		{763B0BFB-83EA-4CCF-ACD5-C61CD752EC7C}.Debug|Any CPU.ActiveCfg = Debug|Any CPU
		{763B0BFB-83EA-4CCF-ACD5-C61CD752EC7C}.Debug|Any CPU.Build.0 = Debug|Any CPU
		{763B0BFB-83EA-4CCF-ACD5-C61CD752EC7C}.Release|Any CPU.ActiveCfg = Release|Any CPU
		{763B0BFB-83EA-4CCF-ACD5-C61CD752EC7C}.Release|Any CPU.Build.0 = Release|Any CPU
		{16F662FA-00C6-44C5-9847-E96CD9548C31}.Debug|Any CPU.ActiveCfg = Debug|Any CPU
		{16F662FA-00C6-44C5-9847-E96CD9548C31}.Debug|Any CPU.Build.0 = Debug|Any CPU
		{16F662FA-00C6-44C5-9847-E96CD9548C31}.Release|Any CPU.ActiveCfg = Release|Any CPU
		{16F662FA-00C6-44C5-9847-E96CD9548C31}.Release|Any CPU.Build.0 = Release|Any CPU
	EndGlobalSection
	GlobalSection(SolutionProperties) = preSolution
		HideSolutionNode = FALSE
	EndGlobalSection
	GlobalSection(ExtensibilityGlobals) = postSolution
		SolutionGuid = {340C41CD-A008-4AD7-9568-545D19C49F8C}
	EndGlobalSection
EndGlobal
